// !$*UTF8*$!
{
	archiveVersion = 1;
	classes = {
	};
	objectVersion = 50;
	objects = {

/* Begin PBXBuildFile section */
		391A0CF4236BA5A5005F5A97 /* AppDelegate.swift in Sources */ = {isa = PBXBuildFile; fileRef = 391A0CF3236BA5A5005F5A97 /* AppDelegate.swift */; };
		391A0CF6236BA5A5005F5A97 /* SceneDelegate.swift in Sources */ = {isa = PBXBuildFile; fileRef = 391A0CF5236BA5A5005F5A97 /* SceneDelegate.swift */; };
		391A0CF8236BA5A5005F5A97 /* ContentView.swift in Sources */ = {isa = PBXBuildFile; fileRef = 391A0CF7236BA5A5005F5A97 /* ContentView.swift */; };
		391A0CFA236BA5AC005F5A97 /* Assets.xcassets in Resources */ = {isa = PBXBuildFile; fileRef = 391A0CF9236BA5AC005F5A97 /* Assets.xcassets */; };
		391A0CFD236BA5AC005F5A97 /* Preview Assets.xcassets in Resources */ = {isa = PBXBuildFile; fileRef = 391A0CFC236BA5AC005F5A97 /* Preview Assets.xcassets */; };
		391A0D00236BA5AD005F5A97 /* LaunchScreen.storyboard in Resources */ = {isa = PBXBuildFile; fileRef = 391A0CFE236BA5AD005F5A97 /* LaunchScreen.storyboard */; };
/* End PBXBuildFile section */

/* Begin PBXFileReference section */
		391A0CF0236BA5A5005F5A97 /* QR Code Generator.app */ = {isa = PBXFileReference; explicitFileType = wrapper.application; includeInIndex = 0; path = "QR Code Generator.app"; sourceTree = BUILT_PRODUCTS_DIR; };
		391A0CF3236BA5A5005F5A97 /* AppDelegate.swift */ = {isa = PBXFileReference; lastKnownFileType = sourcecode.swift; path = AppDelegate.swift; sourceTree = "<group>"; };
		391A0CF5236BA5A5005F5A97 /* SceneDelegate.swift */ = {isa = PBXFileReference; lastKnownFileType = sourcecode.swift; path = SceneDelegate.swift; sourceTree = "<group>"; };
		391A0CF7236BA5A5005F5A97 /* ContentView.swift */ = {isa = PBXFileReference; lastKnownFileType = sourcecode.swift; path = ContentView.swift; sourceTree = "<group>"; };
		391A0CF9236BA5AC005F5A97 /* Assets.xcassets */ = {isa = PBXFileReference; lastKnownFileType = folder.assetcatalog; path = Assets.xcassets; sourceTree = "<group>"; };
		391A0CFC236BA5AC005F5A97 /* Preview Assets.xcassets */ = {isa = PBXFileReference; lastKnownFileType = folder.assetcatalog; path = "Preview Assets.xcassets"; sourceTree = "<group>"; };
		391A0CFF236BA5AD005F5A97 /* Base */ = {isa = PBXFileReference; lastKnownFileType = file.storyboard; name = Base; path = Base.lproj/LaunchScreen.storyboard; sourceTree = "<group>"; };
		391A0D01236BA5AD005F5A97 /* Info.plist */ = {isa = PBXFileReference; lastKnownFileType = text.plist.xml; path = Info.plist; sourceTree = "<group>"; };
/* End PBXFileReference section */

/* Begin PBXFrameworksBuildPhase section */
		391A0CED236BA5A5005F5A97 /* Frameworks */ = {
			isa = PBXFrameworksBuildPhase;
			buildActionMask = 2147483647;
			files = (
			);
			runOnlyForDeploymentPostprocessing = 0;
		};
/* End PBXFrameworksBuildPhase section */

/* Begin PBXGroup section */
		391A0CE7236BA5A5005F5A97 = {
			isa = PBXGroup;
			children = (
				391A0CF2236BA5A5005F5A97 /* QR Code Generator */,
				391A0CF1236BA5A5005F5A97 /* Products */,
			);
			sourceTree = "<group>";
		};
		391A0CF1236BA5A5005F5A97 /* Products */ = {
			isa = PBXGroup;
			children = (
				391A0CF0236BA5A5005F5A97 /* QR Code Generator.app */,
			);
			name = Products;
			sourceTree = "<group>";
		};
		391A0CF2236BA5A5005F5A97 /* QR Code Generator */ = {
			isa = PBXGroup;
			children = (
				391A0CF3236BA5A5005F5A97 /* AppDelegate.swift */,
				391A0CF5236BA5A5005F5A97 /* SceneDelegate.swift */,
				391A0CF7236BA5A5005F5A97 /* ContentView.swift */,
				391A0CF9236BA5AC005F5A97 /* Assets.xcassets */,
				391A0CFE236BA5AD005F5A97 /* LaunchScreen.storyboard */,
				391A0D01236BA5AD005F5A97 /* Info.plist */,
				391A0CFB236BA5AC005F5A97 /* Preview Content */,
			);
			path = "QR Code Generator";
			sourceTree = "<group>";
		};
		391A0CFB236BA5AC005F5A97 /* Preview Content */ = {
			isa = PBXGroup;
			children = (
				391A0CFC236BA5AC005F5A97 /* Preview Assets.xcassets */,
			);
			path = "Preview Content";
			sourceTree = "<group>";
		};
/* End PBXGroup section */

/* Begin PBXNativeTarget section */
		391A0CEF236BA5A5005F5A97 /* QR Code Generator */ = {
			isa = PBXNativeTarget;
			buildConfigurationList = 391A0D04236BA5AD005F5A97 /* Build configuration list for PBXNativeTarget "QR Code Generator" */;
			buildPhases = (
				391A0CEC236BA5A5005F5A97 /* Sources */,
				391A0CED236BA5A5005F5A97 /* Frameworks */,
				391A0CEE236BA5A5005F5A97 /* Resources */,
			);
			buildRules = (
			);
			dependencies = (
			);
			name = "QR Code Generator";
			productName = "QR Code Generator";
			productReference = 391A0CF0236BA5A5005F5A97 /* QR Code Generator.app */;
			productType = "com.apple.product-type.application";
		};
/* End PBXNativeTarget section */

/* Begin PBXProject section */
		391A0CE8236BA5A5005F5A97 /* Project object */ = {
			isa = PBXProject;
			attributes = {
				LastSwiftUpdateCheck = 1100;
				LastUpgradeCheck = 1100;
				ORGANIZATIONNAME = "Fernando Gomes";
				TargetAttributes = {
					391A0CEF236BA5A5005F5A97 = {
						CreatedOnToolsVersion = 11.0;
					};
				};
			};
			buildConfigurationList = 391A0CEB236BA5A5005F5A97 /* Build configuration list for PBXProject "QR Code Generator" */;
			compatibilityVersion = "Xcode 9.3";
			developmentRegion = en;
			hasScannedForEncodings = 0;
			knownRegions = (
				en,
				Base,
			);
			mainGroup = 391A0CE7236BA5A5005F5A97;
			productRefGroup = 391A0CF1236BA5A5005F5A97 /* Products */;
			projectDirPath = "";
			projectRoot = "";
			targets = (
				391A0CEF236BA5A5005F5A97 /* QR Code Generator */,
			);
		};
/* End PBXProject section */

/* Begin PBXResourcesBuildPhase section */
		391A0CEE236BA5A5005F5A97 /* Resources */ = {
			isa = PBXResourcesBuildPhase;
			buildActionMask = 2147483647;
			files = (
				391A0D00236BA5AD005F5A97 /* LaunchScreen.storyboard in Resources */,
				391A0CFD236BA5AC005F5A97 /* Preview Assets.xcassets in Resources */,
				391A0CFA236BA5AC005F5A97 /* Assets.xcassets in Resources */,
			);
			runOnlyForDeploymentPostprocessing = 0;
		};
/* End PBXResourcesBuildPhase section */

/* Begin PBXSourcesBuildPhase section */
		391A0CEC236BA5A5005F5A97 /* Sources */ = {
			isa = PBXSourcesBuildPhase;
			buildActionMask = 2147483647;
			files = (
				391A0CF4236BA5A5005F5A97 /* AppDelegate.swift in Sources */,
				391A0CF6236BA5A5005F5A97 /* SceneDelegate.swift in Sources */,
				391A0CF8236BA5A5005F5A97 /* ContentView.swift in Sources */,
			);
			runOnlyForDeploymentPostprocessing = 0;
		};
/* End PBXSourcesBuildPhase section */

/* Begin PBXVariantGroup section */
		391A0CFE236BA5AD005F5A97 /* LaunchScreen.storyboard */ = {
			isa = PBXVariantGroup;
			children = (
				391A0CFF236BA5AD005F5A97 /* Base */,
			);
			name = LaunchScreen.storyboard;
			sourceTree = "<group>";
		};
/* End PBXVariantGroup section */

/* Begin XCBuildConfiguration section */
		391A0D02236BA5AD005F5A97 /* Debug */ = {
			isa = XCBuildConfiguration;
			buildSettings = {
				ALWAYS_SEARCH_USER_PATHS = NO;
				CLANG_ANALYZER_NONNULL = YES;
				CLANG_ANALYZER_NUMBER_OBJECT_CONVERSION = YES_AGGRESSIVE;
				CLANG_CXX_LANGUAGE_STANDARD = "gnu++14";
				CLANG_CXX_LIBRARY = "libc++";
				CLANG_ENABLE_MODULES = YES;
				CLANG_ENABLE_OBJC_ARC = YES;
				CLANG_ENABLE_OBJC_WEAK = YES;
				CLANG_WARN_BLOCK_CAPTURE_AUTORELEASING = YES;
				CLANG_WARN_BOOL_CONVERSION = YES;
				CLANG_WARN_COMMA = YES;
				CLANG_WARN_CONSTANT_CONVERSION = YES;
				CLANG_WARN_DEPRECATED_OBJC_IMPLEMENTATIONS = YES;
				CLANG_WARN_DIRECT_OBJC_ISA_USAGE = YES_ERROR;
				CLANG_WARN_DOCUMENTATION_COMMENTS = YES;
				CLANG_WARN_EMPTY_BODY = YES;
				CLANG_WARN_ENUM_CONVERSION = YES;
				CLANG_WARN_INFINITE_RECURSION = YES;
				CLANG_WARN_INT_CONVERSION = YES;
				CLANG_WARN_NON_LITERAL_NULL_CONVERSION = YES;
				CLANG_WARN_OBJC_IMPLICIT_RETAIN_SELF = YES;
				CLANG_WARN_OBJC_LITERAL_CONVERSION = YES;
				CLANG_WARN_OBJC_ROOT_CLASS = YES_ERROR;
				CLANG_WARN_RANGE_LOOP_ANALYSIS = YES;
				CLANG_WARN_STRICT_PROTOTYPES = YES;
				CLANG_WARN_SUSPICIOUS_MOVE = YES;
				CLANG_WARN_UNGUARDED_AVAILABILITY = YES_AGGRESSIVE;
				CLANG_WARN_UNREACHABLE_CODE = YES;
				CLANG_WARN__DUPLICATE_METHOD_MATCH = YES;
				COPY_PHASE_STRIP = NO;
				DEBUG_INFORMATION_FORMAT = dwarf;
				ENABLE_STRICT_OBJC_MSGSEND = YES;
				ENABLE_TESTABILITY = YES;
				GCC_C_LANGUAGE_STANDARD = gnu11;
				GCC_DYNAMIC_NO_PIC = NO;
				GCC_NO_COMMON_BLOCKS = YES;
				GCC_OPTIMIZATION_LEVEL = 0;
				GCC_PREPROCESSOR_DEFINITIONS = (
					"DEBUG=1",
					"$(inherited)",
				);
				GCC_WARN_64_TO_32_BIT_CONVERSION = YES;
				GCC_WARN_ABOUT_RETURN_TYPE = YES_ERROR;
				GCC_WARN_UNDECLARED_SELECTOR = YES;
				GCC_WARN_UNINITIALIZED_AUTOS = YES_AGGRESSIVE;
				GCC_WARN_UNUSED_FUNCTION = YES;
				GCC_WARN_UNUSED_VARIABLE = YES;
				IPHONEOS_DEPLOYMENT_TARGET = 13.0;
				MTL_ENABLE_DEBUG_INFO = INCLUDE_SOURCE;
				MTL_FAST_MATH = YES;
				ONLY_ACTIVE_ARCH = YES;
				SDKROOT = iphoneos;
				SWIFT_ACTIVE_COMPILATION_CONDITIONS = DEBUG;
				SWIFT_OPTIMIZATION_LEVEL = "-Onone";
			};
			name = Debug;
		};
		391A0D03236BA5AD005F5A97 /* Release */ = {
			isa = XCBuildConfiguration;
			buildSettings = {
				ALWAYS_SEARCH_USER_PATHS = NO;
				CLANG_ANALYZER_NONNULL = YES;
				CLANG_ANALYZER_NUMBER_OBJECT_CONVERSION = YES_AGGRESSIVE;
				CLANG_CXX_LANGUAGE_STANDARD = "gnu++14";
				CLANG_CXX_LIBRARY = "libc++";
				CLANG_ENABLE_MODULES = YES;
				CLANG_ENABLE_OBJC_ARC = YES;
				CLANG_ENABLE_OBJC_WEAK = YES;
				CLANG_WARN_BLOCK_CAPTURE_AUTORELEASING = YES;
				CLANG_WARN_BOOL_CONVERSION = YES;
				CLANG_WARN_COMMA = YES;
				CLANG_WARN_CONSTANT_CONVERSION = YES;
				CLANG_WARN_DEPRECATED_OBJC_IMPLEMENTATIONS = YES;
				CLANG_WARN_DIRECT_OBJC_ISA_USAGE = YES_ERROR;
				CLANG_WARN_DOCUMENTATION_COMMENTS = YES;
				CLANG_WARN_EMPTY_BODY = YES;
				CLANG_WARN_ENUM_CONVERSION = YES;
				CLANG_WARN_INFINITE_RECURSION = YES;
				CLANG_WARN_INT_CONVERSION = YES;
				CLANG_WARN_NON_LITERAL_NULL_CONVERSION = YES;
				CLANG_WARN_OBJC_IMPLICIT_RETAIN_SELF = YES;
				CLANG_WARN_OBJC_LITERAL_CONVERSION = YES;
				CLANG_WARN_OBJC_ROOT_CLASS = YES_ERROR;
				CLANG_WARN_RANGE_LOOP_ANALYSIS = YES;
				CLANG_WARN_STRICT_PROTOTYPES = YES;
				CLANG_WARN_SUSPICIOUS_MOVE = YES;
				CLANG_WARN_UNGUARDED_AVAILABILITY = YES_AGGRESSIVE;
				CLANG_WARN_UNREACHABLE_CODE = YES;
				CLANG_WARN__DUPLICATE_METHOD_MATCH = YES;
				COPY_PHASE_STRIP = NO;
				DEBUG_INFORMATION_FORMAT = "dwarf-with-dsym";
				ENABLE_NS_ASSERTIONS = NO;
				ENABLE_STRICT_OBJC_MSGSEND = YES;
				GCC_C_LANGUAGE_STANDARD = gnu11;
				GCC_NO_COMMON_BLOCKS = YES;
				GCC_WARN_64_TO_32_BIT_CONVERSION = YES;
				GCC_WARN_ABOUT_RETURN_TYPE = YES_ERROR;
				GCC_WARN_UNDECLARED_SELECTOR = YES;
				GCC_WARN_UNINITIALIZED_AUTOS = YES_AGGRESSIVE;
				GCC_WARN_UNUSED_FUNCTION = YES;
				GCC_WARN_UNUSED_VARIABLE = YES;
				IPHONEOS_DEPLOYMENT_TARGET = 13.0;
				MTL_ENABLE_DEBUG_INFO = NO;
				MTL_FAST_MATH = YES;
				SDKROOT = iphoneos;
				SWIFT_COMPILATION_MODE = wholemodule;
				SWIFT_OPTIMIZATION_LEVEL = "-O";
				VALIDATE_PRODUCT = YES;
			};
			name = Release;
		};
		391A0D05236BA5AD005F5A97 /* Debug */ = {
			isa = XCBuildConfiguration;
			buildSettings = {
				ASSETCATALOG_COMPILER_APPICON_NAME = AppIcon;
				CODE_SIGN_STYLE = Automatic;
				DEVELOPMENT_ASSET_PATHS = "\"QR Code Generator/Preview Content\"";
				DEVELOPMENT_TEAM = 6VK3DVAF4J;
				ENABLE_PREVIEWS = YES;
				INFOPLIST_FILE = "QR Code Generator/Info.plist";
				LD_RUNPATH_SEARCH_PATHS = (
					"$(inherited)",
					"@executable_path/Frameworks",
				);
				PRODUCT_BUNDLE_IDENTIFIER = "fernandogomes.QR-Code-Generator";
				PRODUCT_NAME = "$(TARGET_NAME)";
				SWIFT_VERSION = 5.0;
				TARGETED_DEVICE_FAMILY = "1,2";
			};
			name = Debug;
		};
		391A0D06236BA5AD005F5A97 /* Release */ = {
			isa = XCBuildConfiguration;
			buildSettings = {
				ASSETCATALOG_COMPILER_APPICON_NAME = AppIcon;
				CODE_SIGN_STYLE = Automatic;
				DEVELOPMENT_ASSET_PATHS = "\"QR Code Generator/Preview Content\"";
				DEVELOPMENT_TEAM = 6VK3DVAF4J;
				ENABLE_PREVIEWS = YES;
				INFOPLIST_FILE = "QR Code Generator/Info.plist";
				LD_RUNPATH_SEARCH_PATHS = (
					"$(inherited)",
					"@executable_path/Frameworks",
				);
				PRODUCT_BUNDLE_IDENTIFIER = "fernandogomes.QR-Code-Generator";
				PRODUCT_NAME = "$(TARGET_NAME)";
				SWIFT_VERSION = 5.0;
				TARGETED_DEVICE_FAMILY = "1,2";
			};
			name = Release;
		};
/* End XCBuildConfiguration section */

/* Begin XCConfigurationList section */
		391A0CEB236BA5A5005F5A97 /* Build configuration list for PBXProject "QR Code Generator" */ = {
			isa = XCConfigurationList;
			buildConfigurations = (
				391A0D02236BA5AD005F5A97 /* Debug */,
				391A0D03236BA5AD005F5A97 /* Release */,
			);
			defaultConfigurationIsVisible = 0;
			defaultConfigurationName = Release;
		};
		391A0D04236BA5AD005F5A97 /* Build configuration list for PBXNativeTarget "QR Code Generator" */ = {
			isa = XCConfigurationList;
			buildConfigurations = (
				391A0D05236BA5AD005F5A97 /* Debug */,
				391A0D06236BA5AD005F5A97 /* Release */,
			);
			defaultConfigurationIsVisible = 0;
			defaultConfigurationName = Release;
		};
/* End XCConfigurationList section */
	};
	rootObject = 391A0CE8236BA5A5005F5A97 /* Project object */;
}
