// !$*UTF8*$!
{
	archiveVersion = 1;
	classes = {
	};
	objectVersion = 50;
	objects = {

/* Begin PBXBuildFile section */
		3936FA0E24788F4B0057EEFF /* AppDelegate.swift in Sources */ = {isa = PBXBuildFile; fileRef = 3936FA0D24788F4B0057EEFF /* AppDelegate.swift */; };
		3936FA1024788F4B0057EEFF /* SceneDelegate.swift in Sources */ = {isa = PBXBuildFile; fileRef = 3936FA0F24788F4B0057EEFF /* SceneDelegate.swift */; };
		3936FA1224788F4B0057EEFF /* ContentView.swift in Sources */ = {isa = PBXBuildFile; fileRef = 3936FA1124788F4B0057EEFF /* ContentView.swift */; };
		3936FA1424788F4E0057EEFF /* Assets.xcassets in Resources */ = {isa = PBXBuildFile; fileRef = 3936FA1324788F4E0057EEFF /* Assets.xcassets */; };
		3936FA1724788F4E0057EEFF /* Preview Assets.xcassets in Resources */ = {isa = PBXBuildFile; fileRef = 3936FA1624788F4E0057EEFF /* Preview Assets.xcassets */; };
		3936FA1A24788F4E0057EEFF /* LaunchScreen.storyboard in Resources */ = {isa = PBXBuildFile; fileRef = 3936FA1824788F4E0057EEFF /* LaunchScreen.storyboard */; };
/* End PBXBuildFile section */

/* Begin PBXFileReference section */
		3936FA0A24788F4B0057EEFF /* SpeedMeter.app */ = {isa = PBXFileReference; explicitFileType = wrapper.application; includeInIndex = 0; path = SpeedMeter.app; sourceTree = BUILT_PRODUCTS_DIR; };
		3936FA0D24788F4B0057EEFF /* AppDelegate.swift */ = {isa = PBXFileReference; lastKnownFileType = sourcecode.swift; path = AppDelegate.swift; sourceTree = "<group>"; };
		3936FA0F24788F4B0057EEFF /* SceneDelegate.swift */ = {isa = PBXFileReference; lastKnownFileType = sourcecode.swift; path = SceneDelegate.swift; sourceTree = "<group>"; };
		3936FA1124788F4B0057EEFF /* ContentView.swift */ = {isa = PBXFileReference; lastKnownFileType = sourcecode.swift; path = ContentView.swift; sourceTree = "<group>"; };
		3936FA1324788F4E0057EEFF /* Assets.xcassets */ = {isa = PBXFileReference; lastKnownFileType = folder.assetcatalog; path = Assets.xcassets; sourceTree = "<group>"; };
		3936FA1624788F4E0057EEFF /* Preview Assets.xcassets */ = {isa = PBXFileReference; lastKnownFileType = folder.assetcatalog; path = "Preview Assets.xcassets"; sourceTree = "<group>"; };
		3936FA1924788F4E0057EEFF /* Base */ = {isa = PBXFileReference; lastKnownFileType = file.storyboard; name = Base; path = Base.lproj/LaunchScreen.storyboard; sourceTree = "<group>"; };
		3936FA1B24788F4E0057EEFF /* Info.plist */ = {isa = PBXFileReference; lastKnownFileType = text.plist.xml; path = Info.plist; sourceTree = "<group>"; };
/* End PBXFileReference section */

/* Begin PBXFrameworksBuildPhase section */
		3936FA0724788F4B0057EEFF /* Frameworks */ = {
			isa = PBXFrameworksBuildPhase;
			buildActionMask = 2147483647;
			files = (
			);
			runOnlyForDeploymentPostprocessing = 0;
		};
/* End PBXFrameworksBuildPhase section */

/* Begin PBXGroup section */
		3936FA0124788F4B0057EEFF = {
			isa = PBXGroup;
			children = (
				3936FA0C24788F4B0057EEFF /* SpeedMeter */,
				3936FA0B24788F4B0057EEFF /* Products */,
			);
			sourceTree = "<group>";
		};
		3936FA0B24788F4B0057EEFF /* Products */ = {
			isa = PBXGroup;
			children = (
				3936FA0A24788F4B0057EEFF /* SpeedMeter.app */,
			);
			name = Products;
			sourceTree = "<group>";
		};
		3936FA0C24788F4B0057EEFF /* SpeedMeter */ = {
			isa = PBXGroup;
			children = (
				3936FA0D24788F4B0057EEFF /* AppDelegate.swift */,
				3936FA0F24788F4B0057EEFF /* SceneDelegate.swift */,
				3936FA1124788F4B0057EEFF /* ContentView.swift */,
				3936FA1324788F4E0057EEFF /* Assets.xcassets */,
				3936FA1824788F4E0057EEFF /* LaunchScreen.storyboard */,
				3936FA1B24788F4E0057EEFF /* Info.plist */,
				3936FA1524788F4E0057EEFF /* Preview Content */,
			);
			path = SpeedMeter;
			sourceTree = "<group>";
		};
		3936FA1524788F4E0057EEFF /* Preview Content */ = {
			isa = PBXGroup;
			children = (
				3936FA1624788F4E0057EEFF /* Preview Assets.xcassets */,
			);
			path = "Preview Content";
			sourceTree = "<group>";
		};
/* End PBXGroup section */

/* Begin PBXNativeTarget section */
		3936FA0924788F4B0057EEFF /* SpeedMeter */ = {
			isa = PBXNativeTarget;
			buildConfigurationList = 3936FA1E24788F4E0057EEFF /* Build configuration list for PBXNativeTarget "SpeedMeter" */;
			buildPhases = (
				3936FA0624788F4B0057EEFF /* Sources */,
				3936FA0724788F4B0057EEFF /* Frameworks */,
				3936FA0824788F4B0057EEFF /* Resources */,
			);
			buildRules = (
			);
			dependencies = (
			);
			name = SpeedMeter;
			productName = SpeedMeter;
			productReference = 3936FA0A24788F4B0057EEFF /* SpeedMeter.app */;
			productType = "com.apple.product-type.application";
		};
/* End PBXNativeTarget section */

/* Begin PBXProject section */
		3936FA0224788F4B0057EEFF /* Project object */ = {
			isa = PBXProject;
			attributes = {
				LastSwiftUpdateCheck = 1140;
				LastUpgradeCheck = 1140;
				ORGANIZATIONNAME = "Fernando Gomes";
				TargetAttributes = {
					3936FA0924788F4B0057EEFF = {
						CreatedOnToolsVersion = 11.4;
					};
				};
			};
			buildConfigurationList = 3936FA0524788F4B0057EEFF /* Build configuration list for PBXProject "SpeedMeter" */;
			compatibilityVersion = "Xcode 9.3";
			developmentRegion = en;
			hasScannedForEncodings = 0;
			knownRegions = (
				en,
				Base,
			);
			mainGroup = 3936FA0124788F4B0057EEFF;
			productRefGroup = 3936FA0B24788F4B0057EEFF /* Products */;
			projectDirPath = "";
			projectRoot = "";
			targets = (
				3936FA0924788F4B0057EEFF /* SpeedMeter */,
			);
		};
/* End PBXProject section */

/* Begin PBXResourcesBuildPhase section */
		3936FA0824788F4B0057EEFF /* Resources */ = {
			isa = PBXResourcesBuildPhase;
			buildActionMask = 2147483647;
			files = (
				3936FA1A24788F4E0057EEFF /* LaunchScreen.storyboard in Resources */,
				3936FA1724788F4E0057EEFF /* Preview Assets.xcassets in Resources */,
				3936FA1424788F4E0057EEFF /* Assets.xcassets in Resources */,
			);
			runOnlyForDeploymentPostprocessing = 0;
		};
/* End PBXResourcesBuildPhase section */

/* Begin PBXSourcesBuildPhase section */
		3936FA0624788F4B0057EEFF /* Sources */ = {
			isa = PBXSourcesBuildPhase;
			buildActionMask = 2147483647;
			files = (
				3936FA0E24788F4B0057EEFF /* AppDelegate.swift in Sources */,
				3936FA1024788F4B0057EEFF /* SceneDelegate.swift in Sources */,
				3936FA1224788F4B0057EEFF /* ContentView.swift in Sources */,
			);
			runOnlyForDeploymentPostprocessing = 0;
		};
/* End PBXSourcesBuildPhase section */

/* Begin PBXVariantGroup section */
		3936FA1824788F4E0057EEFF /* LaunchScreen.storyboard */ = {
			isa = PBXVariantGroup;
			children = (
				3936FA1924788F4E0057EEFF /* Base */,
			);
			name = LaunchScreen.storyboard;
			sourceTree = "<group>";
		};
/* End PBXVariantGroup section */

/* Begin XCBuildConfiguration section */
		3936FA1C24788F4E0057EEFF /* Debug */ = {
			isa = XCBuildConfiguration;
			buildSettings = {
				ALWAYS_SEARCH_USER_PATHS = NO;
				CLANG_ANALYZER_NONNULL = YES;
				CLANG_ANALYZER_NUMBER_OBJECT_CONVERSION = YES_AGGRESSIVE;
				CLANG_CXX_LANGUAGE_STANDARD = "gnu++14";
				CLANG_CXX_LIBRARY = "libc++";
				CLANG_ENABLE_MODULES = YES;
				CLANG_ENABLE_OBJC_ARC = YES;
				CLANG_ENABLE_OBJC_WEAK = YES;
				CLANG_WARN_BLOCK_CAPTURE_AUTORELEASING = YES;
				CLANG_WARN_BOOL_CONVERSION = YES;
				CLANG_WARN_COMMA = YES;
				CLANG_WARN_CONSTANT_CONVERSION = YES;
				CLANG_WARN_DEPRECATED_OBJC_IMPLEMENTATIONS = YES;
				CLANG_WARN_DIRECT_OBJC_ISA_USAGE = YES_ERROR;
				CLANG_WARN_DOCUMENTATION_COMMENTS = YES;
				CLANG_WARN_EMPTY_BODY = YES;
				CLANG_WARN_ENUM_CONVERSION = YES;
				CLANG_WARN_INFINITE_RECURSION = YES;
				CLANG_WARN_INT_CONVERSION = YES;
				CLANG_WARN_NON_LITERAL_NULL_CONVERSION = YES;
				CLANG_WARN_OBJC_IMPLICIT_RETAIN_SELF = YES;
				CLANG_WARN_OBJC_LITERAL_CONVERSION = YES;
				CLANG_WARN_OBJC_ROOT_CLASS = YES_ERROR;
				CLANG_WARN_RANGE_LOOP_ANALYSIS = YES;
				CLANG_WARN_STRICT_PROTOTYPES = YES;
				CLANG_WARN_SUSPICIOUS_MOVE = YES;
				CLANG_WARN_UNGUARDED_AVAILABILITY = YES_AGGRESSIVE;
				CLANG_WARN_UNREACHABLE_CODE = YES;
				CLANG_WARN__DUPLICATE_METHOD_MATCH = YES;
				COPY_PHASE_STRIP = NO;
				DEBUG_INFORMATION_FORMAT = dwarf;
				ENABLE_STRICT_OBJC_MSGSEND = YES;
				ENABLE_TESTABILITY = YES;
				GCC_C_LANGUAGE_STANDARD = gnu11;
				GCC_DYNAMIC_NO_PIC = NO;
				GCC_NO_COMMON_BLOCKS = YES;
				GCC_OPTIMIZATION_LEVEL = 0;
				GCC_PREPROCESSOR_DEFINITIONS = (
					"DEBUG=1",
					"$(inherited)",
				);
				GCC_WARN_64_TO_32_BIT_CONVERSION = YES;
				GCC_WARN_ABOUT_RETURN_TYPE = YES_ERROR;
				GCC_WARN_UNDECLARED_SELECTOR = YES;
				GCC_WARN_UNINITIALIZED_AUTOS = YES_AGGRESSIVE;
				GCC_WARN_UNUSED_FUNCTION = YES;
				GCC_WARN_UNUSED_VARIABLE = YES;
				IPHONEOS_DEPLOYMENT_TARGET = 13.4;
				MTL_ENABLE_DEBUG_INFO = INCLUDE_SOURCE;
				MTL_FAST_MATH = YES;
				ONLY_ACTIVE_ARCH = YES;
				SDKROOT = iphoneos;
				SWIFT_ACTIVE_COMPILATION_CONDITIONS = DEBUG;
				SWIFT_OPTIMIZATION_LEVEL = "-Onone";
			};
			name = Debug;
		};
		3936FA1D24788F4E0057EEFF /* Release */ = {
			isa = XCBuildConfiguration;
			buildSettings = {
				ALWAYS_SEARCH_USER_PATHS = NO;
				CLANG_ANALYZER_NONNULL = YES;
				CLANG_ANALYZER_NUMBER_OBJECT_CONVERSION = YES_AGGRESSIVE;
				CLANG_CXX_LANGUAGE_STANDARD = "gnu++14";
				CLANG_CXX_LIBRARY = "libc++";
				CLANG_ENABLE_MODULES = YES;
				CLANG_ENABLE_OBJC_ARC = YES;
				CLANG_ENABLE_OBJC_WEAK = YES;
				CLANG_WARN_BLOCK_CAPTURE_AUTORELEASING = YES;
				CLANG_WARN_BOOL_CONVERSION = YES;
				CLANG_WARN_COMMA = YES;
				CLANG_WARN_CONSTANT_CONVERSION = YES;
				CLANG_WARN_DEPRECATED_OBJC_IMPLEMENTATIONS = YES;
				CLANG_WARN_DIRECT_OBJC_ISA_USAGE = YES_ERROR;
				CLANG_WARN_DOCUMENTATION_COMMENTS = YES;
				CLANG_WARN_EMPTY_BODY = YES;
				CLANG_WARN_ENUM_CONVERSION = YES;
				CLANG_WARN_INFINITE_RECURSION = YES;
				CLANG_WARN_INT_CONVERSION = YES;
				CLANG_WARN_NON_LITERAL_NULL_CONVERSION = YES;
				CLANG_WARN_OBJC_IMPLICIT_RETAIN_SELF = YES;
				CLANG_WARN_OBJC_LITERAL_CONVERSION = YES;
				CLANG_WARN_OBJC_ROOT_CLASS = YES_ERROR;
				CLANG_WARN_RANGE_LOOP_ANALYSIS = YES;
				CLANG_WARN_STRICT_PROTOTYPES = YES;
				CLANG_WARN_SUSPICIOUS_MOVE = YES;
				CLANG_WARN_UNGUARDED_AVAILABILITY = YES_AGGRESSIVE;
				CLANG_WARN_UNREACHABLE_CODE = YES;
				CLANG_WARN__DUPLICATE_METHOD_MATCH = YES;
				COPY_PHASE_STRIP = NO;
				DEBUG_INFORMATION_FORMAT = "dwarf-with-dsym";
				ENABLE_NS_ASSERTIONS = NO;
				ENABLE_STRICT_OBJC_MSGSEND = YES;
				GCC_C_LANGUAGE_STANDARD = gnu11;
				GCC_NO_COMMON_BLOCKS = YES;
				GCC_WARN_64_TO_32_BIT_CONVERSION = YES;
				GCC_WARN_ABOUT_RETURN_TYPE = YES_ERROR;
				GCC_WARN_UNDECLARED_SELECTOR = YES;
				GCC_WARN_UNINITIALIZED_AUTOS = YES_AGGRESSIVE;
				GCC_WARN_UNUSED_FUNCTION = YES;
				GCC_WARN_UNUSED_VARIABLE = YES;
				IPHONEOS_DEPLOYMENT_TARGET = 13.4;
				MTL_ENABLE_DEBUG_INFO = NO;
				MTL_FAST_MATH = YES;
				SDKROOT = iphoneos;
				SWIFT_COMPILATION_MODE = wholemodule;
				SWIFT_OPTIMIZATION_LEVEL = "-O";
				VALIDATE_PRODUCT = YES;
			};
			name = Release;
		};
		3936FA1F24788F4E0057EEFF /* Debug */ = {
			isa = XCBuildConfiguration;
			buildSettings = {
				ASSETCATALOG_COMPILER_APPICON_NAME = AppIcon;
				CODE_SIGN_STYLE = Automatic;
				DEVELOPMENT_ASSET_PATHS = "\"SpeedMeter/Preview Content\"";
				DEVELOPMENT_TEAM = 6VK3DVAF4J;
				ENABLE_PREVIEWS = YES;
				INFOPLIST_FILE = SpeedMeter/Info.plist;
				LD_RUNPATH_SEARCH_PATHS = (
					"$(inherited)",
					"@executable_path/Frameworks",
				);
				PRODUCT_BUNDLE_IDENTIFIER = fernandogomes.SpeedMeter;
				PRODUCT_NAME = "$(TARGET_NAME)";
				SWIFT_VERSION = 5.0;
				TARGETED_DEVICE_FAMILY = "1,2";
			};
			name = Debug;
		};
		3936FA2024788F4E0057EEFF /* Release */ = {
			isa = XCBuildConfiguration;
			buildSettings = {
				ASSETCATALOG_COMPILER_APPICON_NAME = AppIcon;
				CODE_SIGN_STYLE = Automatic;
				DEVELOPMENT_ASSET_PATHS = "\"SpeedMeter/Preview Content\"";
				DEVELOPMENT_TEAM = 6VK3DVAF4J;
				ENABLE_PREVIEWS = YES;
				INFOPLIST_FILE = SpeedMeter/Info.plist;
				LD_RUNPATH_SEARCH_PATHS = (
					"$(inherited)",
					"@executable_path/Frameworks",
				);
				PRODUCT_BUNDLE_IDENTIFIER = fernandogomes.SpeedMeter;
				PRODUCT_NAME = "$(TARGET_NAME)";
				SWIFT_VERSION = 5.0;
				TARGETED_DEVICE_FAMILY = "1,2";
			};
			name = Release;
		};
/* End XCBuildConfiguration section */

/* Begin XCConfigurationList section */
		3936FA0524788F4B0057EEFF /* Build configuration list for PBXProject "SpeedMeter" */ = {
			isa = XCConfigurationList;
			buildConfigurations = (
				3936FA1C24788F4E0057EEFF /* Debug */,
				3936FA1D24788F4E0057EEFF /* Release */,
			);
			defaultConfigurationIsVisible = 0;
			defaultConfigurationName = Release;
		};
		3936FA1E24788F4E0057EEFF /* Build configuration list for PBXNativeTarget "SpeedMeter" */ = {
			isa = XCConfigurationList;
			buildConfigurations = (
				3936FA1F24788F4E0057EEFF /* Debug */,
				3936FA2024788F4E0057EEFF /* Release */,
			);
			defaultConfigurationIsVisible = 0;
			defaultConfigurationName = Release;
		};
/* End XCConfigurationList section */
	};
	rootObject = 3936FA0224788F4B0057EEFF /* Project object */;
}
