// !$*UTF8*$!
{
	archiveVersion = 1;
	classes = {
	};
	objectVersion = 50;
	objects = {

/* Begin PBXBuildFile section */
		3974FD5E236229390066584A /* RefactoringView.swift in Sources */ = {isa = PBXBuildFile; fileRef = 3974FD5D236229390066584A /* RefactoringView.swift */; };
		39CAD3172363850D002581BB /* LayersView.swift in Sources */ = {isa = PBXBuildFile; fileRef = 39CAD3162363850D002581BB /* LayersView.swift */; };
		39CAD31B236386D8002581BB /* ShapesView.swift in Sources */ = {isa = PBXBuildFile; fileRef = 39CAD31A236386D8002581BB /* ShapesView.swift */; };
		39FD915D235DDDAC00E8B96C /* AppDelegate.swift in Sources */ = {isa = PBXBuildFile; fileRef = 39FD915C235DDDAC00E8B96C /* AppDelegate.swift */; };
		39FD915F235DDDAC00E8B96C /* SceneDelegate.swift in Sources */ = {isa = PBXBuildFile; fileRef = 39FD915E235DDDAC00E8B96C /* SceneDelegate.swift */; };
		39FD9161235DDDAC00E8B96C /* ContentView.swift in Sources */ = {isa = PBXBuildFile; fileRef = 39FD9160235DDDAC00E8B96C /* ContentView.swift */; };
		39FD9163235DDDAD00E8B96C /* Assets.xcassets in Resources */ = {isa = PBXBuildFile; fileRef = 39FD9162235DDDAD00E8B96C /* Assets.xcassets */; };
		39FD9166235DDDAD00E8B96C /* Preview Assets.xcassets in Resources */ = {isa = PBXBuildFile; fileRef = 39FD9165235DDDAD00E8B96C /* Preview Assets.xcassets */; };
		39FD9169235DDDAD00E8B96C /* LaunchScreen.storyboard in Resources */ = {isa = PBXBuildFile; fileRef = 39FD9167235DDDAD00E8B96C /* LaunchScreen.storyboard */; };
		39FD9171235DE1E700E8B96C /* BasicTemplate.swift in Sources */ = {isa = PBXBuildFile; fileRef = 39FD9170235DE1E700E8B96C /* BasicTemplate.swift */; };
/* End PBXBuildFile section */

/* Begin PBXFileReference section */
		3974FD5D236229390066584A /* RefactoringView.swift */ = {isa = PBXFileReference; lastKnownFileType = sourcecode.swift; path = RefactoringView.swift; sourceTree = "<group>"; };
		39CAD3162363850D002581BB /* LayersView.swift */ = {isa = PBXFileReference; lastKnownFileType = sourcecode.swift; path = LayersView.swift; sourceTree = "<group>"; };
		39CAD31A236386D8002581BB /* ShapesView.swift */ = {isa = PBXFileReference; lastKnownFileType = sourcecode.swift; path = ShapesView.swift; sourceTree = "<group>"; };
		39FD9159235DDDAC00E8B96C /* SwiftUISamples.app */ = {isa = PBXFileReference; explicitFileType = wrapper.application; includeInIndex = 0; path = SwiftUISamples.app; sourceTree = BUILT_PRODUCTS_DIR; };
		39FD915C235DDDAC00E8B96C /* AppDelegate.swift */ = {isa = PBXFileReference; lastKnownFileType = sourcecode.swift; path = AppDelegate.swift; sourceTree = "<group>"; };
		39FD915E235DDDAC00E8B96C /* SceneDelegate.swift */ = {isa = PBXFileReference; lastKnownFileType = sourcecode.swift; path = SceneDelegate.swift; sourceTree = "<group>"; };
		39FD9160235DDDAC00E8B96C /* ContentView.swift */ = {isa = PBXFileReference; lastKnownFileType = sourcecode.swift; path = ContentView.swift; sourceTree = "<group>"; };
		39FD9162235DDDAD00E8B96C /* Assets.xcassets */ = {isa = PBXFileReference; lastKnownFileType = folder.assetcatalog; path = Assets.xcassets; sourceTree = "<group>"; };
		39FD9165235DDDAD00E8B96C /* Preview Assets.xcassets */ = {isa = PBXFileReference; lastKnownFileType = folder.assetcatalog; path = "Preview Assets.xcassets"; sourceTree = "<group>"; };
		39FD9168235DDDAD00E8B96C /* Base */ = {isa = PBXFileReference; lastKnownFileType = file.storyboard; name = Base; path = Base.lproj/LaunchScreen.storyboard; sourceTree = "<group>"; };
		39FD916A235DDDAD00E8B96C /* Info.plist */ = {isa = PBXFileReference; lastKnownFileType = text.plist.xml; path = Info.plist; sourceTree = "<group>"; };
		39FD9170235DE1E700E8B96C /* BasicTemplate.swift */ = {isa = PBXFileReference; lastKnownFileType = sourcecode.swift; path = BasicTemplate.swift; sourceTree = "<group>"; };
/* End PBXFileReference section */

/* Begin PBXFrameworksBuildPhase section */
		39FD9156235DDDAC00E8B96C /* Frameworks */ = {
			isa = PBXFrameworksBuildPhase;
			buildActionMask = 2147483647;
			files = (
			);
			runOnlyForDeploymentPostprocessing = 0;
		};
/* End PBXFrameworksBuildPhase section */

/* Begin PBXGroup section */
		39FD9150235DDDAC00E8B96C = {
			isa = PBXGroup;
			children = (
				39FD915B235DDDAC00E8B96C /* SwiftUISamples */,
				39FD915A235DDDAC00E8B96C /* Products */,
			);
			sourceTree = "<group>";
		};
		39FD915A235DDDAC00E8B96C /* Products */ = {
			isa = PBXGroup;
			children = (
				39FD9159235DDDAC00E8B96C /* SwiftUISamples.app */,
			);
			name = Products;
			sourceTree = "<group>";
		};
		39FD915B235DDDAC00E8B96C /* SwiftUISamples */ = {
			isa = PBXGroup;
			children = (
				39FD915C235DDDAC00E8B96C /* AppDelegate.swift */,
				39FD915E235DDDAC00E8B96C /* SceneDelegate.swift */,
				39FD9160235DDDAC00E8B96C /* ContentView.swift */,
				39FD9162235DDDAD00E8B96C /* Assets.xcassets */,
				39FD9167235DDDAD00E8B96C /* LaunchScreen.storyboard */,
				39FD916A235DDDAD00E8B96C /* Info.plist */,
				39FD9164235DDDAD00E8B96C /* Preview Content */,
				39FD9170235DE1E700E8B96C /* BasicTemplate.swift */,
				3974FD5D236229390066584A /* RefactoringView.swift */,
				39CAD3162363850D002581BB /* LayersView.swift */,
				39CAD31A236386D8002581BB /* ShapesView.swift */,
			);
			path = SwiftUISamples;
			sourceTree = "<group>";
		};
		39FD9164235DDDAD00E8B96C /* Preview Content */ = {
			isa = PBXGroup;
			children = (
				39FD9165235DDDAD00E8B96C /* Preview Assets.xcassets */,
			);
			path = "Preview Content";
			sourceTree = "<group>";
		};
/* End PBXGroup section */

/* Begin PBXNativeTarget section */
		39FD9158235DDDAC00E8B96C /* SwiftUISamples */ = {
			isa = PBXNativeTarget;
			buildConfigurationList = 39FD916D235DDDAD00E8B96C /* Build configuration list for PBXNativeTarget "SwiftUISamples" */;
			buildPhases = (
				39FD9155235DDDAC00E8B96C /* Sources */,
				39FD9156235DDDAC00E8B96C /* Frameworks */,
				39FD9157235DDDAC00E8B96C /* Resources */,
			);
			buildRules = (
			);
			dependencies = (
			);
			name = SwiftUISamples;
			productName = SwiftUISamples;
			productReference = 39FD9159235DDDAC00E8B96C /* SwiftUISamples.app */;
			productType = "com.apple.product-type.application";
		};
/* End PBXNativeTarget section */

/* Begin PBXProject section */
		39FD9151235DDDAC00E8B96C /* Project object */ = {
			isa = PBXProject;
			attributes = {
				LastSwiftUpdateCheck = 1100;
				LastUpgradeCheck = 1100;
				ORGANIZATIONNAME = "Fernando Gomes";
				TargetAttributes = {
					39FD9158235DDDAC00E8B96C = {
						CreatedOnToolsVersion = 11.0;
					};
				};
			};
			buildConfigurationList = 39FD9154235DDDAC00E8B96C /* Build configuration list for PBXProject "SwiftUISamples" */;
			compatibilityVersion = "Xcode 9.3";
			developmentRegion = en;
			hasScannedForEncodings = 0;
			knownRegions = (
				en,
				Base,
			);
			mainGroup = 39FD9150235DDDAC00E8B96C;
			productRefGroup = 39FD915A235DDDAC00E8B96C /* Products */;
			projectDirPath = "";
			projectRoot = "";
			targets = (
				39FD9158235DDDAC00E8B96C /* SwiftUISamples */,
			);
		};
/* End PBXProject section */

/* Begin PBXResourcesBuildPhase section */
		39FD9157235DDDAC00E8B96C /* Resources */ = {
			isa = PBXResourcesBuildPhase;
			buildActionMask = 2147483647;
			files = (
				39FD9169235DDDAD00E8B96C /* LaunchScreen.storyboard in Resources */,
				39FD9166235DDDAD00E8B96C /* Preview Assets.xcassets in Resources */,
				39FD9163235DDDAD00E8B96C /* Assets.xcassets in Resources */,
			);
			runOnlyForDeploymentPostprocessing = 0;
		};
/* End PBXResourcesBuildPhase section */

/* Begin PBXSourcesBuildPhase section */
		39FD9155235DDDAC00E8B96C /* Sources */ = {
			isa = PBXSourcesBuildPhase;
			buildActionMask = 2147483647;
			files = (
				39CAD31B236386D8002581BB /* ShapesView.swift in Sources */,
				39CAD3172363850D002581BB /* LayersView.swift in Sources */,
				39FD9171235DE1E700E8B96C /* BasicTemplate.swift in Sources */,
				39FD915D235DDDAC00E8B96C /* AppDelegate.swift in Sources */,
				3974FD5E236229390066584A /* RefactoringView.swift in Sources */,
				39FD915F235DDDAC00E8B96C /* SceneDelegate.swift in Sources */,
				39FD9161235DDDAC00E8B96C /* ContentView.swift in Sources */,
			);
			runOnlyForDeploymentPostprocessing = 0;
		};
/* End PBXSourcesBuildPhase section */

/* Begin PBXVariantGroup section */
		39FD9167235DDDAD00E8B96C /* LaunchScreen.storyboard */ = {
			isa = PBXVariantGroup;
			children = (
				39FD9168235DDDAD00E8B96C /* Base */,
			);
			name = LaunchScreen.storyboard;
			sourceTree = "<group>";
		};
/* End PBXVariantGroup section */

/* Begin XCBuildConfiguration section */
		39FD916B235DDDAD00E8B96C /* Debug */ = {
			isa = XCBuildConfiguration;
			buildSettings = {
				ALWAYS_SEARCH_USER_PATHS = NO;
				CLANG_ANALYZER_NONNULL = YES;
				CLANG_ANALYZER_NUMBER_OBJECT_CONVERSION = YES_AGGRESSIVE;
				CLANG_CXX_LANGUAGE_STANDARD = "gnu++14";
				CLANG_CXX_LIBRARY = "libc++";
				CLANG_ENABLE_MODULES = YES;
				CLANG_ENABLE_OBJC_ARC = YES;
				CLANG_ENABLE_OBJC_WEAK = YES;
				CLANG_WARN_BLOCK_CAPTURE_AUTORELEASING = YES;
				CLANG_WARN_BOOL_CONVERSION = YES;
				CLANG_WARN_COMMA = YES;
				CLANG_WARN_CONSTANT_CONVERSION = YES;
				CLANG_WARN_DEPRECATED_OBJC_IMPLEMENTATIONS = YES;
				CLANG_WARN_DIRECT_OBJC_ISA_USAGE = YES_ERROR;
				CLANG_WARN_DOCUMENTATION_COMMENTS = YES;
				CLANG_WARN_EMPTY_BODY = YES;
				CLANG_WARN_ENUM_CONVERSION = YES;
				CLANG_WARN_INFINITE_RECURSION = YES;
				CLANG_WARN_INT_CONVERSION = YES;
				CLANG_WARN_NON_LITERAL_NULL_CONVERSION = YES;
				CLANG_WARN_OBJC_IMPLICIT_RETAIN_SELF = YES;
				CLANG_WARN_OBJC_LITERAL_CONVERSION = YES;
				CLANG_WARN_OBJC_ROOT_CLASS = YES_ERROR;
				CLANG_WARN_RANGE_LOOP_ANALYSIS = YES;
				CLANG_WARN_STRICT_PROTOTYPES = YES;
				CLANG_WARN_SUSPICIOUS_MOVE = YES;
				CLANG_WARN_UNGUARDED_AVAILABILITY = YES_AGGRESSIVE;
				CLANG_WARN_UNREACHABLE_CODE = YES;
				CLANG_WARN__DUPLICATE_METHOD_MATCH = YES;
				COPY_PHASE_STRIP = NO;
				DEBUG_INFORMATION_FORMAT = dwarf;
				ENABLE_STRICT_OBJC_MSGSEND = YES;
				ENABLE_TESTABILITY = YES;
				GCC_C_LANGUAGE_STANDARD = gnu11;
				GCC_DYNAMIC_NO_PIC = NO;
				GCC_NO_COMMON_BLOCKS = YES;
				GCC_OPTIMIZATION_LEVEL = 0;
				GCC_PREPROCESSOR_DEFINITIONS = (
					"DEBUG=1",
					"$(inherited)",
				);
				GCC_WARN_64_TO_32_BIT_CONVERSION = YES;
				GCC_WARN_ABOUT_RETURN_TYPE = YES_ERROR;
				GCC_WARN_UNDECLARED_SELECTOR = YES;
				GCC_WARN_UNINITIALIZED_AUTOS = YES_AGGRESSIVE;
				GCC_WARN_UNUSED_FUNCTION = YES;
				GCC_WARN_UNUSED_VARIABLE = YES;
				IPHONEOS_DEPLOYMENT_TARGET = 13.0;
				MTL_ENABLE_DEBUG_INFO = INCLUDE_SOURCE;
				MTL_FAST_MATH = YES;
				ONLY_ACTIVE_ARCH = YES;
				SDKROOT = iphoneos;
				SWIFT_ACTIVE_COMPILATION_CONDITIONS = DEBUG;
				SWIFT_OPTIMIZATION_LEVEL = "-Onone";
			};
			name = Debug;
		};
		39FD916C235DDDAD00E8B96C /* Release */ = {
			isa = XCBuildConfiguration;
			buildSettings = {
				ALWAYS_SEARCH_USER_PATHS = NO;
				CLANG_ANALYZER_NONNULL = YES;
				CLANG_ANALYZER_NUMBER_OBJECT_CONVERSION = YES_AGGRESSIVE;
				CLANG_CXX_LANGUAGE_STANDARD = "gnu++14";
				CLANG_CXX_LIBRARY = "libc++";
				CLANG_ENABLE_MODULES = YES;
				CLANG_ENABLE_OBJC_ARC = YES;
				CLANG_ENABLE_OBJC_WEAK = YES;
				CLANG_WARN_BLOCK_CAPTURE_AUTORELEASING = YES;
				CLANG_WARN_BOOL_CONVERSION = YES;
				CLANG_WARN_COMMA = YES;
				CLANG_WARN_CONSTANT_CONVERSION = YES;
				CLANG_WARN_DEPRECATED_OBJC_IMPLEMENTATIONS = YES;
				CLANG_WARN_DIRECT_OBJC_ISA_USAGE = YES_ERROR;
				CLANG_WARN_DOCUMENTATION_COMMENTS = YES;
				CLANG_WARN_EMPTY_BODY = YES;
				CLANG_WARN_ENUM_CONVERSION = YES;
				CLANG_WARN_INFINITE_RECURSION = YES;
				CLANG_WARN_INT_CONVERSION = YES;
				CLANG_WARN_NON_LITERAL_NULL_CONVERSION = YES;
				CLANG_WARN_OBJC_IMPLICIT_RETAIN_SELF = YES;
				CLANG_WARN_OBJC_LITERAL_CONVERSION = YES;
				CLANG_WARN_OBJC_ROOT_CLASS = YES_ERROR;
				CLANG_WARN_RANGE_LOOP_ANALYSIS = YES;
				CLANG_WARN_STRICT_PROTOTYPES = YES;
				CLANG_WARN_SUSPICIOUS_MOVE = YES;
				CLANG_WARN_UNGUARDED_AVAILABILITY = YES_AGGRESSIVE;
				CLANG_WARN_UNREACHABLE_CODE = YES;
				CLANG_WARN__DUPLICATE_METHOD_MATCH = YES;
				COPY_PHASE_STRIP = NO;
				DEBUG_INFORMATION_FORMAT = "dwarf-with-dsym";
				ENABLE_NS_ASSERTIONS = NO;
				ENABLE_STRICT_OBJC_MSGSEND = YES;
				GCC_C_LANGUAGE_STANDARD = gnu11;
				GCC_NO_COMMON_BLOCKS = YES;
				GCC_WARN_64_TO_32_BIT_CONVERSION = YES;
				GCC_WARN_ABOUT_RETURN_TYPE = YES_ERROR;
				GCC_WARN_UNDECLARED_SELECTOR = YES;
				GCC_WARN_UNINITIALIZED_AUTOS = YES_AGGRESSIVE;
				GCC_WARN_UNUSED_FUNCTION = YES;
				GCC_WARN_UNUSED_VARIABLE = YES;
				IPHONEOS_DEPLOYMENT_TARGET = 13.0;
				MTL_ENABLE_DEBUG_INFO = NO;
				MTL_FAST_MATH = YES;
				SDKROOT = iphoneos;
				SWIFT_COMPILATION_MODE = wholemodule;
				SWIFT_OPTIMIZATION_LEVEL = "-O";
				VALIDATE_PRODUCT = YES;
			};
			name = Release;
		};
		39FD916E235DDDAD00E8B96C /* Debug */ = {
			isa = XCBuildConfiguration;
			buildSettings = {
				ASSETCATALOG_COMPILER_APPICON_NAME = AppIcon;
				CODE_SIGN_STYLE = Automatic;
				DEVELOPMENT_ASSET_PATHS = "\"SwiftUISamples/Preview Content\"";
				DEVELOPMENT_TEAM = 6VK3DVAF4J;
				ENABLE_PREVIEWS = YES;
				INFOPLIST_FILE = SwiftUISamples/Info.plist;
				LD_RUNPATH_SEARCH_PATHS = (
					"$(inherited)",
					"@executable_path/Frameworks",
				);
				PRODUCT_BUNDLE_IDENTIFIER = fernandogomes.SwiftUISamples;
				PRODUCT_NAME = "$(TARGET_NAME)";
				SWIFT_VERSION = 5.0;
				TARGETED_DEVICE_FAMILY = "1,2";
			};
			name = Debug;
		};
		39FD916F235DDDAD00E8B96C /* Release */ = {
			isa = XCBuildConfiguration;
			buildSettings = {
				ASSETCATALOG_COMPILER_APPICON_NAME = AppIcon;
				CODE_SIGN_STYLE = Automatic;
				DEVELOPMENT_ASSET_PATHS = "\"SwiftUISamples/Preview Content\"";
				DEVELOPMENT_TEAM = 6VK3DVAF4J;
				ENABLE_PREVIEWS = YES;
				INFOPLIST_FILE = SwiftUISamples/Info.plist;
				LD_RUNPATH_SEARCH_PATHS = (
					"$(inherited)",
					"@executable_path/Frameworks",
				);
				PRODUCT_BUNDLE_IDENTIFIER = fernandogomes.SwiftUISamples;
				PRODUCT_NAME = "$(TARGET_NAME)";
				SWIFT_VERSION = 5.0;
				TARGETED_DEVICE_FAMILY = "1,2";
			};
			name = Release;
		};
/* End XCBuildConfiguration section */

/* Begin XCConfigurationList section */
		39FD9154235DDDAC00E8B96C /* Build configuration list for PBXProject "SwiftUISamples" */ = {
			isa = XCConfigurationList;
			buildConfigurations = (
				39FD916B235DDDAD00E8B96C /* Debug */,
				39FD916C235DDDAD00E8B96C /* Release */,
			);
			defaultConfigurationIsVisible = 0;
			defaultConfigurationName = Release;
		};
		39FD916D235DDDAD00E8B96C /* Build configuration list for PBXNativeTarget "SwiftUISamples" */ = {
			isa = XCConfigurationList;
			buildConfigurations = (
				39FD916E235DDDAD00E8B96C /* Debug */,
				39FD916F235DDDAD00E8B96C /* Release */,
			);
			defaultConfigurationIsVisible = 0;
			defaultConfigurationName = Release;
		};
/* End XCConfigurationList section */
	};
	rootObject = 39FD9151235DDDAC00E8B96C /* Project object */;
}
